// !$*UTF8*$!
{
	archiveVersion = 1;
	classes = {
	};
	objectVersion = 56;
	objects = {

/* Begin PBXBuildFile section */
		F00A762D2C83ADC000B0BE12 /* UnitTypeModel.swift in Sources */ = {isa = PBXBuildFile; fileRef = F00A762C2C83ADC000B0BE12 /* UnitTypeModel.swift */; };
		F00A76302C83AE6A00B0BE12 /* String+DoubleConversion.swift in Sources */ = {isa = PBXBuildFile; fileRef = F00A762F2C83AE6A00B0BE12 /* String+DoubleConversion.swift */; };
		F00A76322C83AE9000B0BE12 /* Double+Formatting.swift in Sources */ = {isa = PBXBuildFile; fileRef = F00A76312C83AE9000B0BE12 /* Double+Formatting.swift */; };
		F00D09882AEB31E900E7FBB5 /* UnitConverterView.swift in Sources */ = {isa = PBXBuildFile; fileRef = F00D09872AEB31E900E7FBB5 /* UnitConverterView.swift */; };
		F00D09942AEB33E800E7FBB5 /* XCTest.framework in Frameworks */ = {isa = PBXBuildFile; fileRef = F00D09822AEB306000E7FBB5 /* XCTest.framework */; settings = {ATTRIBUTES = (Weak, ); }; };
		F01619FA2A76CCC600E1C68D /* UnitConverterApp.swift in Sources */ = {isa = PBXBuildFile; fileRef = F01619F92A76CCC600E1C68D /* UnitConverterApp.swift */; };
		F01619FE2A76CCC700E1C68D /* Assets.xcassets in Resources */ = {isa = PBXBuildFile; fileRef = F01619FD2A76CCC700E1C68D /* Assets.xcassets */; };
		F0B355312C7E542F0095A90F /* UnitConverterViewModel.swift in Sources */ = {isa = PBXBuildFile; fileRef = F0B355302C7E542F0095A90F /* UnitConverterViewModel.swift */; };
		F0B3555A2C7E85FF0095A90F /* UnitConverterUnitTests.swift in Sources */ = {isa = PBXBuildFile; fileRef = F0B355592C7E85FF0095A90F /* UnitConverterUnitTests.swift */; };
		F0B355672C7E8B4E0095A90F /* UnitConverterUITests.swift in Sources */ = {isa = PBXBuildFile; fileRef = F0B355662C7E8B4E0095A90F /* UnitConverterUITests.swift */; };
		F0CDE2F92AA5B77800AD134F /* UnitConversionDataModel.swift in Sources */ = {isa = PBXBuildFile; fileRef = F0CDE2F82AA5B77800AD134F /* UnitConversionDataModel.swift */; };
/* End PBXBuildFile section */

/* Begin PBXContainerItemProxy section */
		F0B3555B2C7E85FF0095A90F /* PBXContainerItemProxy */ = {
			isa = PBXContainerItemProxy;
			containerPortal = F01619EE2A76CCC600E1C68D /* Project object */;
			proxyType = 1;
			remoteGlobalIDString = F01619F52A76CCC600E1C68D;
			remoteInfo = UnitConverter;
		};
		F0B3556A2C7E8B4E0095A90F /* PBXContainerItemProxy */ = {
			isa = PBXContainerItemProxy;
			containerPortal = F01619EE2A76CCC600E1C68D /* Project object */;
			proxyType = 1;
			remoteGlobalIDString = F01619F52A76CCC600E1C68D;
			remoteInfo = UnitConverter;
		};
/* End PBXContainerItemProxy section */

/* Begin PBXCopyFilesBuildPhase section */
		F0FFD8732C8B811300CCE04E /* Embed Foundation Extensions */ = {
			isa = PBXCopyFilesBuildPhase;
			buildActionMask = 2147483647;
			dstPath = "";
			dstSubfolderSpec = 13;
			files = (
			);
			name = "Embed Foundation Extensions";
			runOnlyForDeploymentPostprocessing = 0;
		};
/* End PBXCopyFilesBuildPhase section */

/* Begin PBXFileReference section */
		F00A762C2C83ADC000B0BE12 /* UnitTypeModel.swift */ = {isa = PBXFileReference; lastKnownFileType = sourcecode.swift; path = UnitTypeModel.swift; sourceTree = "<group>"; };
		F00A762F2C83AE6A00B0BE12 /* String+DoubleConversion.swift */ = {isa = PBXFileReference; lastKnownFileType = sourcecode.swift; path = "String+DoubleConversion.swift"; sourceTree = "<group>"; };
		F00A76312C83AE9000B0BE12 /* Double+Formatting.swift */ = {isa = PBXFileReference; lastKnownFileType = sourcecode.swift; path = "Double+Formatting.swift"; sourceTree = "<group>"; };
		F00D09822AEB306000E7FBB5 /* XCTest.framework */ = {isa = PBXFileReference; lastKnownFileType = wrapper.framework; name = XCTest.framework; path = Platforms/iPhoneOS.platform/Developer/Library/Frameworks/XCTest.framework; sourceTree = DEVELOPER_DIR; };
		F00D09872AEB31E900E7FBB5 /* UnitConverterView.swift */ = {isa = PBXFileReference; fileEncoding = 4; lastKnownFileType = sourcecode.swift; path = UnitConverterView.swift; sourceTree = "<group>"; };
		F01619F92A76CCC600E1C68D /* UnitConverterApp.swift */ = {isa = PBXFileReference; lastKnownFileType = sourcecode.swift; path = UnitConverterApp.swift; sourceTree = "<group>"; };
		F01619FD2A76CCC700E1C68D /* Assets.xcassets */ = {isa = PBXFileReference; lastKnownFileType = folder.assetcatalog; path = Assets.xcassets; sourceTree = "<group>"; };
		F0B3552A2C7E510A0095A90F /* UnitConverter.app */ = {isa = PBXFileReference; explicitFileType = wrapper.application; includeInIndex = 0; path = UnitConverter.app; sourceTree = BUILT_PRODUCTS_DIR; };
		F0B355302C7E542F0095A90F /* UnitConverterViewModel.swift */ = {isa = PBXFileReference; lastKnownFileType = sourcecode.swift; path = UnitConverterViewModel.swift; sourceTree = "<group>"; };
		F0B355342C7E60290095A90F /* Info.plist */ = {isa = PBXFileReference; lastKnownFileType = text.plist; path = Info.plist; sourceTree = "<group>"; };
		F0B355572C7E85FF0095A90F /* UnitConverterUnitTests.xctest */ = {isa = PBXFileReference; explicitFileType = wrapper.cfbundle; includeInIndex = 0; path = UnitConverterUnitTests.xctest; sourceTree = BUILT_PRODUCTS_DIR; };
		F0B355592C7E85FF0095A90F /* UnitConverterUnitTests.swift */ = {isa = PBXFileReference; lastKnownFileType = sourcecode.swift; path = UnitConverterUnitTests.swift; sourceTree = "<group>"; };
		F0B355642C7E8B4E0095A90F /* UnitConverterUITests.xctest */ = {isa = PBXFileReference; explicitFileType = wrapper.cfbundle; includeInIndex = 0; path = UnitConverterUITests.xctest; sourceTree = BUILT_PRODUCTS_DIR; };
		F0B355662C7E8B4E0095A90F /* UnitConverterUITests.swift */ = {isa = PBXFileReference; lastKnownFileType = sourcecode.swift; path = UnitConverterUITests.swift; sourceTree = "<group>"; };
		F0CDE2F82AA5B77800AD134F /* UnitConversionDataModel.swift */ = {isa = PBXFileReference; lastKnownFileType = sourcecode.swift; path = UnitConversionDataModel.swift; sourceTree = "<group>"; };
		F0FFD8622C8B811100CCE04E /* WidgetKit.framework */ = {isa = PBXFileReference; lastKnownFileType = wrapper.framework; name = WidgetKit.framework; path = System/Library/Frameworks/WidgetKit.framework; sourceTree = SDKROOT; };
		F0FFD8642C8B811100CCE04E /* SwiftUI.framework */ = {isa = PBXFileReference; lastKnownFileType = wrapper.framework; name = SwiftUI.framework; path = System/Library/Frameworks/SwiftUI.framework; sourceTree = SDKROOT; };
/* End PBXFileReference section */

/* Begin PBXFrameworksBuildPhase section */
		F01619F32A76CCC600E1C68D /* Frameworks */ = {
			isa = PBXFrameworksBuildPhase;
			buildActionMask = 2147483647;
			files = (
				F00D09942AEB33E800E7FBB5 /* XCTest.framework in Frameworks */,
			);
			runOnlyForDeploymentPostprocessing = 0;
		};
		F0B355542C7E85FF0095A90F /* Frameworks */ = {
			isa = PBXFrameworksBuildPhase;
			buildActionMask = 2147483647;
			files = (
			);
			runOnlyForDeploymentPostprocessing = 0;
		};
		F0B355612C7E8B4E0095A90F /* Frameworks */ = {
			isa = PBXFrameworksBuildPhase;
			buildActionMask = 2147483647;
			files = (
			);
			runOnlyForDeploymentPostprocessing = 0;
		};
/* End PBXFrameworksBuildPhase section */

/* Begin PBXGroup section */
		F00A762E2C83AE5500B0BE12 /* Extensions */ = {
			isa = PBXGroup;
			children = (
				F00A762F2C83AE6A00B0BE12 /* String+DoubleConversion.swift */,
				F00A76312C83AE9000B0BE12 /* Double+Formatting.swift */,
			);
			path = Extensions;
			sourceTree = "<group>";
		};
		F00D09812AEB306000E7FBB5 /* Frameworks */ = {
			isa = PBXGroup;
			children = (
				F00D09822AEB306000E7FBB5 /* XCTest.framework */,
				F0FFD8622C8B811100CCE04E /* WidgetKit.framework */,
				F0FFD8642C8B811100CCE04E /* SwiftUI.framework */,
			);
			name = Frameworks;
			sourceTree = "<group>";
		};
		F01619ED2A76CCC600E1C68D = {
			isa = PBXGroup;
			children = (
				F01619F82A76CCC600E1C68D /* UnitConverter */,
				F0B355582C7E85FF0095A90F /* UnitConverterUnitTests */,
				F0B355652C7E8B4E0095A90F /* UnitConverterUITests */,
				F00D09812AEB306000E7FBB5 /* Frameworks */,
				F0B3552A2C7E510A0095A90F /* UnitConverter.app */,
				F0B355572C7E85FF0095A90F /* UnitConverterUnitTests.xctest */,
				F0B355642C7E8B4E0095A90F /* UnitConverterUITests.xctest */,
			);
			sourceTree = "<group>";
		};
		F01619F82A76CCC600E1C68D /* UnitConverter */ = {
			isa = PBXGroup;
			children = (
				F00A762E2C83AE5500B0BE12 /* Extensions */,
				F0B355342C7E60290095A90F /* Info.plist */,
				F098E5E62B1EC5E5005B461A /* Models */,
				F0B355332C7E5B520095A90F /* ViewModels */,
				F0B355322C7E5B480095A90F /* Views */,
				F01619F92A76CCC600E1C68D /* UnitConverterApp.swift */,
				F01619FD2A76CCC700E1C68D /* Assets.xcassets */,
			);
			path = UnitConverter;
			sourceTree = "<group>";
		};
		F098E5E62B1EC5E5005B461A /* Models */ = {
			isa = PBXGroup;
			children = (
				F0CDE2F82AA5B77800AD134F /* UnitConversionDataModel.swift */,
				F00A762C2C83ADC000B0BE12 /* UnitTypeModel.swift */,
			);
			path = Models;
			sourceTree = "<group>";
		};
		F0B355322C7E5B480095A90F /* Views */ = {
			isa = PBXGroup;
			children = (
				F00D09872AEB31E900E7FBB5 /* UnitConverterView.swift */,
			);
			path = Views;
			sourceTree = "<group>";
		};
		F0B355332C7E5B520095A90F /* ViewModels */ = {
			isa = PBXGroup;
			children = (
				F0B355302C7E542F0095A90F /* UnitConverterViewModel.swift */,
			);
			path = ViewModels;
			sourceTree = "<group>";
		};
		F0B355582C7E85FF0095A90F /* UnitConverterUnitTests */ = {
			isa = PBXGroup;
			children = (
				F0B355592C7E85FF0095A90F /* UnitConverterUnitTests.swift */,
			);
			path = UnitConverterUnitTests;
			sourceTree = "<group>";
		};
		F0B355652C7E8B4E0095A90F /* UnitConverterUITests */ = {
			isa = PBXGroup;
			children = (
				F0B355662C7E8B4E0095A90F /* UnitConverterUITests.swift */,
			);
			path = UnitConverterUITests;
			sourceTree = "<group>";
		};
/* End PBXGroup section */

/* Begin PBXNativeTarget section */
		F01619F52A76CCC600E1C68D /* UnitConverter */ = {
			isa = PBXNativeTarget;
			buildConfigurationList = F0161A042A76CCC700E1C68D /* Build configuration list for PBXNativeTarget "UnitConverter" */;
			buildPhases = (
				F01619F22A76CCC600E1C68D /* Sources */,
				F01619F32A76CCC600E1C68D /* Frameworks */,
				F01619F42A76CCC600E1C68D /* Resources */,
				F0FFD8732C8B811300CCE04E /* Embed Foundation Extensions */,
			);
			buildRules = (
			);
			dependencies = (
			);
			name = UnitConverter;
			productName = UnitConverter;
			productReference = F0B3552A2C7E510A0095A90F /* UnitConverter.app */;
			productType = "com.apple.product-type.application";
		};
		F0B355562C7E85FF0095A90F /* UnitConverterUnitTests */ = {
			isa = PBXNativeTarget;
			buildConfigurationList = F0B3555D2C7E85FF0095A90F /* Build configuration list for PBXNativeTarget "UnitConverterUnitTests" */;
			buildPhases = (
				F0B355532C7E85FF0095A90F /* Sources */,
				F0B355542C7E85FF0095A90F /* Frameworks */,
				F0B355552C7E85FF0095A90F /* Resources */,
			);
			buildRules = (
			);
			dependencies = (
				F0B3555C2C7E85FF0095A90F /* PBXTargetDependency */,
			);
			name = UnitConverterUnitTests;
			productName = UnitConverterUnitTests;
			productReference = F0B355572C7E85FF0095A90F /* UnitConverterUnitTests.xctest */;
			productType = "com.apple.product-type.bundle.unit-test";
		};
		F0B355632C7E8B4E0095A90F /* UnitConverterUITests */ = {
			isa = PBXNativeTarget;
			buildConfigurationList = F0B3556C2C7E8B4E0095A90F /* Build configuration list for PBXNativeTarget "UnitConverterUITests" */;
			buildPhases = (
				F0B355602C7E8B4E0095A90F /* Sources */,
				F0B355612C7E8B4E0095A90F /* Frameworks */,
				F0B355622C7E8B4E0095A90F /* Resources */,
			);
			buildRules = (
			);
			dependencies = (
				F0B3556B2C7E8B4E0095A90F /* PBXTargetDependency */,
			);
			name = UnitConverterUITests;
			productName = UnitConverterUITests;
			productReference = F0B355642C7E8B4E0095A90F /* UnitConverterUITests.xctest */;
			productType = "com.apple.product-type.bundle.ui-testing";
		};
/* End PBXNativeTarget section */

/* Begin PBXProject section */
		F01619EE2A76CCC600E1C68D /* Project object */ = {
			isa = PBXProject;
			attributes = {
				BuildIndependentTargetsInParallel = 1;
				LastSwiftUpdateCheck = 1540;
				LastUpgradeCheck = 1430;
				TargetAttributes = {
					F01619F52A76CCC600E1C68D = {
						CreatedOnToolsVersion = 14.3.1;
					};
					F0B355562C7E85FF0095A90F = {
						CreatedOnToolsVersion = 15.4;
						TestTargetID = F01619F52A76CCC600E1C68D;
					};
					F0B355632C7E8B4E0095A90F = {
						CreatedOnToolsVersion = 15.4;
						TestTargetID = F01619F52A76CCC600E1C68D;
					};
				};
			};
			buildConfigurationList = F01619F12A76CCC600E1C68D /* Build configuration list for PBXProject "UnitConverter" */;
			compatibilityVersion = "Xcode 14.0";
			developmentRegion = en;
			hasScannedForEncodings = 0;
			knownRegions = (
				en,
				Base,
			);
			mainGroup = F01619ED2A76CCC600E1C68D;
			productRefGroup = F01619ED2A76CCC600E1C68D;
			projectDirPath = "";
			projectRoot = "";
			targets = (
				F01619F52A76CCC600E1C68D /* UnitConverter */,
				F0B355562C7E85FF0095A90F /* UnitConverterUnitTests */,
				F0B355632C7E8B4E0095A90F /* UnitConverterUITests */,
			);
		};
/* End PBXProject section */

/* Begin PBXResourcesBuildPhase section */
		F01619F42A76CCC600E1C68D /* Resources */ = {
			isa = PBXResourcesBuildPhase;
			buildActionMask = 2147483647;
			files = (
				F01619FE2A76CCC700E1C68D /* Assets.xcassets in Resources */,
			);
			runOnlyForDeploymentPostprocessing = 0;
		};
		F0B355552C7E85FF0095A90F /* Resources */ = {
			isa = PBXResourcesBuildPhase;
			buildActionMask = 2147483647;
			files = (
			);
			runOnlyForDeploymentPostprocessing = 0;
		};
		F0B355622C7E8B4E0095A90F /* Resources */ = {
			isa = PBXResourcesBuildPhase;
			buildActionMask = 2147483647;
			files = (
			);
			runOnlyForDeploymentPostprocessing = 0;
		};
/* End PBXResourcesBuildPhase section */

/* Begin PBXSourcesBuildPhase section */
		F01619F22A76CCC600E1C68D /* Sources */ = {
			isa = PBXSourcesBuildPhase;
			buildActionMask = 2147483647;
			files = (
				F00A76302C83AE6A00B0BE12 /* String+DoubleConversion.swift in Sources */,
				F0CDE2F92AA5B77800AD134F /* UnitConversionDataModel.swift in Sources */,
				F00D09882AEB31E900E7FBB5 /* UnitConverterView.swift in Sources */,
				F00A76322C83AE9000B0BE12 /* Double+Formatting.swift in Sources */,
				F01619FA2A76CCC600E1C68D /* UnitConverterApp.swift in Sources */,
				F00A762D2C83ADC000B0BE12 /* UnitTypeModel.swift in Sources */,
				F0B355312C7E542F0095A90F /* UnitConverterViewModel.swift in Sources */,
			);
			runOnlyForDeploymentPostprocessing = 0;
		};
		F0B355532C7E85FF0095A90F /* Sources */ = {
			isa = PBXSourcesBuildPhase;
			buildActionMask = 2147483647;
			files = (
				F0B3555A2C7E85FF0095A90F /* UnitConverterUnitTests.swift in Sources */,
			);
			runOnlyForDeploymentPostprocessing = 0;
		};
		F0B355602C7E8B4E0095A90F /* Sources */ = {
			isa = PBXSourcesBuildPhase;
			buildActionMask = 2147483647;
			files = (
				F0B355672C7E8B4E0095A90F /* UnitConverterUITests.swift in Sources */,
			);
			runOnlyForDeploymentPostprocessing = 0;
		};
/* End PBXSourcesBuildPhase section */

/* Begin PBXTargetDependency section */
		F0B3555C2C7E85FF0095A90F /* PBXTargetDependency */ = {
			isa = PBXTargetDependency;
			target = F01619F52A76CCC600E1C68D /* UnitConverter */;
			targetProxy = F0B3555B2C7E85FF0095A90F /* PBXContainerItemProxy */;
		};
		F0B3556B2C7E8B4E0095A90F /* PBXTargetDependency */ = {
			isa = PBXTargetDependency;
			target = F01619F52A76CCC600E1C68D /* UnitConverter */;
			targetProxy = F0B3556A2C7E8B4E0095A90F /* PBXContainerItemProxy */;
		};
/* End PBXTargetDependency section */

/* Begin XCBuildConfiguration section */
		F0161A022A76CCC700E1C68D /* Debug */ = {
			isa = XCBuildConfiguration;
			buildSettings = {
				ALWAYS_SEARCH_USER_PATHS = NO;
				CLANG_ANALYZER_NONNULL = YES;
				CLANG_ANALYZER_NUMBER_OBJECT_CONVERSION = YES_AGGRESSIVE;
				CLANG_CXX_LANGUAGE_STANDARD = "gnu++20";
				CLANG_ENABLE_MODULES = YES;
				CLANG_ENABLE_OBJC_ARC = YES;
				CLANG_ENABLE_OBJC_WEAK = YES;
				CLANG_WARN_BLOCK_CAPTURE_AUTORELEASING = YES;
				CLANG_WARN_BOOL_CONVERSION = YES;
				CLANG_WARN_COMMA = YES;
				CLANG_WARN_CONSTANT_CONVERSION = YES;
				CLANG_WARN_DEPRECATED_OBJC_IMPLEMENTATIONS = YES;
				CLANG_WARN_DIRECT_OBJC_ISA_USAGE = YES_ERROR;
				CLANG_WARN_DOCUMENTATION_COMMENTS = YES;
				CLANG_WARN_EMPTY_BODY = YES;
				CLANG_WARN_ENUM_CONVERSION = YES;
				CLANG_WARN_INFINITE_RECURSION = YES;
				CLANG_WARN_INT_CONVERSION = YES;
				CLANG_WARN_NON_LITERAL_NULL_CONVERSION = YES;
				CLANG_WARN_OBJC_IMPLICIT_RETAIN_SELF = YES;
				CLANG_WARN_OBJC_LITERAL_CONVERSION = YES;
				CLANG_WARN_OBJC_ROOT_CLASS = YES_ERROR;
				CLANG_WARN_QUOTED_INCLUDE_IN_FRAMEWORK_HEADER = YES;
				CLANG_WARN_RANGE_LOOP_ANALYSIS = YES;
				CLANG_WARN_STRICT_PROTOTYPES = YES;
				CLANG_WARN_SUSPICIOUS_MOVE = YES;
				CLANG_WARN_UNGUARDED_AVAILABILITY = YES_AGGRESSIVE;
				CLANG_WARN_UNREACHABLE_CODE = YES;
				CLANG_WARN__DUPLICATE_METHOD_MATCH = YES;
				COPY_PHASE_STRIP = NO;
				DEBUG_INFORMATION_FORMAT = dwarf;
				ENABLE_STRICT_OBJC_MSGSEND = YES;
				ENABLE_TESTABILITY = YES;
				GCC_C_LANGUAGE_STANDARD = gnu11;
				GCC_DYNAMIC_NO_PIC = NO;
				GCC_NO_COMMON_BLOCKS = YES;
				GCC_OPTIMIZATION_LEVEL = 0;
				GCC_PREPROCESSOR_DEFINITIONS = (
					"DEBUG=1",
					"$(inherited)",
				);
				GCC_WARN_64_TO_32_BIT_CONVERSION = YES;
				GCC_WARN_ABOUT_RETURN_TYPE = YES_ERROR;
				GCC_WARN_UNDECLARED_SELECTOR = YES;
				GCC_WARN_UNINITIALIZED_AUTOS = YES_AGGRESSIVE;
				GCC_WARN_UNUSED_FUNCTION = YES;
				GCC_WARN_UNUSED_VARIABLE = YES;
				IPHONEOS_DEPLOYMENT_TARGET = 16.4;
				MTL_ENABLE_DEBUG_INFO = INCLUDE_SOURCE;
				MTL_FAST_MATH = YES;
				ONLY_ACTIVE_ARCH = YES;
				SDKROOT = iphoneos;
				SWIFT_ACTIVE_COMPILATION_CONDITIONS = DEBUG;
				SWIFT_OPTIMIZATION_LEVEL = "-Onone";
			};
			name = Debug;
		};
		F0161A032A76CCC700E1C68D /* Release */ = {
			isa = XCBuildConfiguration;
			buildSettings = {
				ALWAYS_SEARCH_USER_PATHS = NO;
				CLANG_ANALYZER_NONNULL = YES;
				CLANG_ANALYZER_NUMBER_OBJECT_CONVERSION = YES_AGGRESSIVE;
				CLANG_CXX_LANGUAGE_STANDARD = "gnu++20";
				CLANG_ENABLE_MODULES = YES;
				CLANG_ENABLE_OBJC_ARC = YES;
				CLANG_ENABLE_OBJC_WEAK = YES;
				CLANG_WARN_BLOCK_CAPTURE_AUTORELEASING = YES;
				CLANG_WARN_BOOL_CONVERSION = YES;
				CLANG_WARN_COMMA = YES;
				CLANG_WARN_CONSTANT_CONVERSION = YES;
				CLANG_WARN_DEPRECATED_OBJC_IMPLEMENTATIONS = YES;
				CLANG_WARN_DIRECT_OBJC_ISA_USAGE = YES_ERROR;
				CLANG_WARN_DOCUMENTATION_COMMENTS = YES;
				CLANG_WARN_EMPTY_BODY = YES;
				CLANG_WARN_ENUM_CONVERSION = YES;
				CLANG_WARN_INFINITE_RECURSION = YES;
				CLANG_WARN_INT_CONVERSION = YES;
				CLANG_WARN_NON_LITERAL_NULL_CONVERSION = YES;
				CLANG_WARN_OBJC_IMPLICIT_RETAIN_SELF = YES;
				CLANG_WARN_OBJC_LITERAL_CONVERSION = YES;
				CLANG_WARN_OBJC_ROOT_CLASS = YES_ERROR;
				CLANG_WARN_QUOTED_INCLUDE_IN_FRAMEWORK_HEADER = YES;
				CLANG_WARN_RANGE_LOOP_ANALYSIS = YES;
				CLANG_WARN_STRICT_PROTOTYPES = YES;
				CLANG_WARN_SUSPICIOUS_MOVE = YES;
				CLANG_WARN_UNGUARDED_AVAILABILITY = YES_AGGRESSIVE;
				CLANG_WARN_UNREACHABLE_CODE = YES;
				CLANG_WARN__DUPLICATE_METHOD_MATCH = YES;
				COPY_PHASE_STRIP = NO;
				DEBUG_INFORMATION_FORMAT = "dwarf-with-dsym";
				ENABLE_NS_ASSERTIONS = NO;
				ENABLE_STRICT_OBJC_MSGSEND = YES;
				ENABLE_TESTABILITY = YES;
				GCC_C_LANGUAGE_STANDARD = gnu11;
				GCC_NO_COMMON_BLOCKS = YES;
				GCC_WARN_64_TO_32_BIT_CONVERSION = YES;
				GCC_WARN_ABOUT_RETURN_TYPE = YES_ERROR;
				GCC_WARN_UNDECLARED_SELECTOR = YES;
				GCC_WARN_UNINITIALIZED_AUTOS = YES_AGGRESSIVE;
				GCC_WARN_UNUSED_FUNCTION = YES;
				GCC_WARN_UNUSED_VARIABLE = YES;
				IPHONEOS_DEPLOYMENT_TARGET = 16.4;
				MTL_ENABLE_DEBUG_INFO = NO;
				MTL_FAST_MATH = YES;
				SDKROOT = iphoneos;
				SWIFT_COMPILATION_MODE = wholemodule;
				SWIFT_OPTIMIZATION_LEVEL = "-O";
				VALIDATE_PRODUCT = YES;
			};
			name = Release;
		};
		F0161A052A76CCC700E1C68D /* Debug */ = {
			isa = XCBuildConfiguration;
			buildSettings = {
				ASSETCATALOG_COMPILER_APPICON_NAME = AppIcon;
				ASSETCATALOG_COMPILER_GLOBAL_ACCENT_COLOR_NAME = AccentColor;
				ASSETCATALOG_COMPILER_INCLUDE_ALL_APPICON_ASSETS = NO;
				CODE_SIGN_STYLE = Automatic;
				CURRENT_PROJECT_VERSION = 1;
				DEVELOPMENT_ASSET_PATHS = "\"UnitConverter/Assets.xcassets\"";
				DEVELOPMENT_TEAM = 7G5J76FJ27;
				ENABLE_PREVIEWS = YES;
				GENERATE_INFOPLIST_FILE = YES;
				INFOPLIST_FILE = UnitConverter/Info.plist;
				INFOPLIST_KEY_CFBundleDisplayName = "Unit Converter";
				INFOPLIST_KEY_LSApplicationCategoryType = "public.app-category.utilities";
				INFOPLIST_KEY_UIApplicationSceneManifest_Generation = YES;
				INFOPLIST_KEY_UIApplicationSupportsIndirectInputEvents = YES;
				INFOPLIST_KEY_UILaunchScreen_Generation = YES;
				INFOPLIST_KEY_UIRequiresFullScreen = YES;
				INFOPLIST_KEY_UIStatusBarHidden = NO;
				INFOPLIST_KEY_UIStatusBarStyle = "";
				INFOPLIST_KEY_UISupportedInterfaceOrientations = UIInterfaceOrientationPortrait;
				INFOPLIST_KEY_UISupportedInterfaceOrientations_iPad = "UIInterfaceOrientationLandscapeLeft UIInterfaceOrientationLandscapeRight UIInterfaceOrientationPortrait";
				IPHONEOS_DEPLOYMENT_TARGET = 17.0;
				LD_RUNPATH_SEARCH_PATHS = (
					"$(inherited)",
					"@executable_path/Frameworks",
				);
				MARKETING_VERSION = 3.4;
				PRODUCT_BUNDLE_IDENTIFIER = TalalElZeini.UnitConverter;
				PRODUCT_NAME = "$(TARGET_NAME)";
				SUPPORTED_PLATFORMS = "iphoneos iphonesimulator";
				SUPPORTS_MACCATALYST = NO;
				SUPPORTS_MAC_DESIGNED_FOR_IPHONE_IPAD = YES;
				SUPPORTS_XR_DESIGNED_FOR_IPHONE_IPAD = YES;
				SWIFT_EMIT_LOC_STRINGS = YES;
				SWIFT_VERSION = 5.0;
				TARGETED_DEVICE_FAMILY = "1,2";
			};
			name = Debug;
		};
		F0161A062A76CCC700E1C68D /* Release */ = {
			isa = XCBuildConfiguration;
			buildSettings = {
				ASSETCATALOG_COMPILER_APPICON_NAME = AppIcon;
				ASSETCATALOG_COMPILER_GLOBAL_ACCENT_COLOR_NAME = AccentColor;
				ASSETCATALOG_COMPILER_INCLUDE_ALL_APPICON_ASSETS = NO;
				CODE_SIGN_STYLE = Automatic;
				CURRENT_PROJECT_VERSION = 1;
				DEVELOPMENT_ASSET_PATHS = "\"UnitConverter/Assets.xcassets\"";
				DEVELOPMENT_TEAM = 7G5J76FJ27;
				ENABLE_PREVIEWS = YES;
				GENERATE_INFOPLIST_FILE = YES;
				INFOPLIST_FILE = UnitConverter/Info.plist;
				INFOPLIST_KEY_CFBundleDisplayName = "Unit Converter";
				INFOPLIST_KEY_LSApplicationCategoryType = "public.app-category.utilities";
				INFOPLIST_KEY_UIApplicationSceneManifest_Generation = YES;
				INFOPLIST_KEY_UIApplicationSupportsIndirectInputEvents = YES;
				INFOPLIST_KEY_UILaunchScreen_Generation = YES;
				INFOPLIST_KEY_UIRequiresFullScreen = YES;
				INFOPLIST_KEY_UIStatusBarHidden = NO;
				INFOPLIST_KEY_UIStatusBarStyle = "";
				INFOPLIST_KEY_UISupportedInterfaceOrientations = UIInterfaceOrientationPortrait;
				INFOPLIST_KEY_UISupportedInterfaceOrientations_iPad = "UIInterfaceOrientationLandscapeLeft UIInterfaceOrientationLandscapeRight UIInterfaceOrientationPortrait";
				IPHONEOS_DEPLOYMENT_TARGET = 17.0;
				LD_RUNPATH_SEARCH_PATHS = (
					"$(inherited)",
					"@executable_path/Frameworks",
				);
				MARKETING_VERSION = 3.4;
				PRODUCT_BUNDLE_IDENTIFIER = TalalElZeini.UnitConverter;
				PRODUCT_NAME = "$(TARGET_NAME)";
				SUPPORTED_PLATFORMS = "iphoneos iphonesimulator";
				SUPPORTS_MACCATALYST = NO;
				SUPPORTS_MAC_DESIGNED_FOR_IPHONE_IPAD = YES;
				SUPPORTS_XR_DESIGNED_FOR_IPHONE_IPAD = YES;
				SWIFT_EMIT_LOC_STRINGS = YES;
				SWIFT_VERSION = 5.0;
				TARGETED_DEVICE_FAMILY = "1,2";
			};
			name = Release;
		};
		F0B3555E2C7E85FF0095A90F /* Debug */ = {
			isa = XCBuildConfiguration;
			buildSettings = {
				ASSETCATALOG_COMPILER_GENERATE_SWIFT_ASSET_SYMBOL_EXTENSIONS = YES;
				BUNDLE_LOADER = "$(TEST_HOST)";
				CODE_SIGN_STYLE = Automatic;
				CURRENT_PROJECT_VERSION = 1;
				DEVELOPMENT_TEAM = 7G5J76FJ27;
				ENABLE_USER_SCRIPT_SANDBOXING = YES;
				GCC_C_LANGUAGE_STANDARD = gnu17;
				GENERATE_INFOPLIST_FILE = YES;
				IPHONEOS_DEPLOYMENT_TARGET = 17.0;
				LOCALIZATION_PREFERS_STRING_CATALOGS = YES;
				MARKETING_VERSION = 1.0;
				PRODUCT_BUNDLE_IDENTIFIER = com.talalzeini.UnitConverterUnitTests;
				PRODUCT_NAME = "$(TARGET_NAME)";
				SWIFT_ACTIVE_COMPILATION_CONDITIONS = "DEBUG $(inherited)";
				SWIFT_EMIT_LOC_STRINGS = NO;
				SWIFT_VERSION = 5.0;
				TARGETED_DEVICE_FAMILY = "1,2";
				TEST_HOST = "$(BUILT_PRODUCTS_DIR)/UnitConverter.app/$(BUNDLE_EXECUTABLE_FOLDER_PATH)/UnitConverter";
			};
			name = Debug;
		};
		F0B3555F2C7E85FF0095A90F /* Release */ = {
			isa = XCBuildConfiguration;
			buildSettings = {
				ASSETCATALOG_COMPILER_GENERATE_SWIFT_ASSET_SYMBOL_EXTENSIONS = YES;
				BUNDLE_LOADER = "$(TEST_HOST)";
				CODE_SIGN_STYLE = Automatic;
				CURRENT_PROJECT_VERSION = 1;
				DEVELOPMENT_TEAM = 7G5J76FJ27;
				ENABLE_USER_SCRIPT_SANDBOXING = YES;
				GCC_C_LANGUAGE_STANDARD = gnu17;
				GENERATE_INFOPLIST_FILE = YES;
				IPHONEOS_DEPLOYMENT_TARGET = 17.0;
				LOCALIZATION_PREFERS_STRING_CATALOGS = YES;
				MARKETING_VERSION = 1.0;
				PRODUCT_BUNDLE_IDENTIFIER = com.talalzeini.UnitConverterUnitTests;
				PRODUCT_NAME = "$(TARGET_NAME)";
				SWIFT_EMIT_LOC_STRINGS = NO;
				SWIFT_VERSION = 5.0;
				TARGETED_DEVICE_FAMILY = "1,2";
				TEST_HOST = "$(BUILT_PRODUCTS_DIR)/UnitConverter.app/$(BUNDLE_EXECUTABLE_FOLDER_PATH)/UnitConverter";
			};
			name = Release;
		};
		F0B3556D2C7E8B4E0095A90F /* Debug */ = {
			isa = XCBuildConfiguration;
			buildSettings = {
				ASSETCATALOG_COMPILER_GENERATE_SWIFT_ASSET_SYMBOL_EXTENSIONS = YES;
				CODE_SIGN_STYLE = Automatic;
				CURRENT_PROJECT_VERSION = 1;
				DEVELOPMENT_TEAM = 7G5J76FJ27;
				ENABLE_USER_SCRIPT_SANDBOXING = YES;
				GCC_C_LANGUAGE_STANDARD = gnu17;
				GENERATE_INFOPLIST_FILE = YES;
				IPHONEOS_DEPLOYMENT_TARGET = 17.0;
				LOCALIZATION_PREFERS_STRING_CATALOGS = YES;
				MARKETING_VERSION = 1.0;
				PRODUCT_BUNDLE_IDENTIFIER = com.talalzeini.UnitConverterUITests;
				PRODUCT_NAME = "$(TARGET_NAME)";
				SWIFT_ACTIVE_COMPILATION_CONDITIONS = "DEBUG $(inherited)";
				SWIFT_EMIT_LOC_STRINGS = NO;
				SWIFT_VERSION = 5.0;
				TARGETED_DEVICE_FAMILY = "1,2";
				TEST_TARGET_NAME = UnitConverter;
			};
			name = Debug;
		};
		F0B3556E2C7E8B4E0095A90F /* Release */ = {
			isa = XCBuildConfiguration;
			buildSettings = {
				ASSETCATALOG_COMPILER_GENERATE_SWIFT_ASSET_SYMBOL_EXTENSIONS = YES;
				CODE_SIGN_STYLE = Automatic;
				CURRENT_PROJECT_VERSION = 1;
				DEVELOPMENT_TEAM = 7G5J76FJ27;
				ENABLE_USER_SCRIPT_SANDBOXING = YES;
				GCC_C_LANGUAGE_STANDARD = gnu17;
				GENERATE_INFOPLIST_FILE = YES;
				IPHONEOS_DEPLOYMENT_TARGET = 17.0;
				LOCALIZATION_PREFERS_STRING_CATALOGS = YES;
				MARKETING_VERSION = 1.0;
				PRODUCT_BUNDLE_IDENTIFIER = com.talalzeini.UnitConverterUITests;
				PRODUCT_NAME = "$(TARGET_NAME)";
				SWIFT_EMIT_LOC_STRINGS = NO;
				SWIFT_VERSION = 5.0;
				TARGETED_DEVICE_FAMILY = "1,2";
				TEST_TARGET_NAME = UnitConverter;
			};
			name = Release;
		};
/* End XCBuildConfiguration section */

/* Begin XCConfigurationList section */
		F01619F12A76CCC600E1C68D /* Build configuration list for PBXProject "UnitConverter" */ = {
			isa = XCConfigurationList;
			buildConfigurations = (
				F0161A022A76CCC700E1C68D /* Debug */,
				F0161A032A76CCC700E1C68D /* Release */,
			);
			defaultConfigurationIsVisible = 0;
			defaultConfigurationName = Release;
		};
		F0161A042A76CCC700E1C68D /* Build configuration list for PBXNativeTarget "UnitConverter" */ = {
			isa = XCConfigurationList;
			buildConfigurations = (
				F0161A052A76CCC700E1C68D /* Debug */,
				F0161A062A76CCC700E1C68D /* Release */,
			);
			defaultConfigurationIsVisible = 0;
			defaultConfigurationName = Release;
		};
		F0B3555D2C7E85FF0095A90F /* Build configuration list for PBXNativeTarget "UnitConverterUnitTests" */ = {
			isa = XCConfigurationList;
			buildConfigurations = (
				F0B3555E2C7E85FF0095A90F /* Debug */,
				F0B3555F2C7E85FF0095A90F /* Release */,
			);
			defaultConfigurationIsVisible = 0;
			defaultConfigurationName = Release;
		};
		F0B3556C2C7E8B4E0095A90F /* Build configuration list for PBXNativeTarget "UnitConverterUITests" */ = {
			isa = XCConfigurationList;
			buildConfigurations = (
				F0B3556D2C7E8B4E0095A90F /* Debug */,
				F0B3556E2C7E8B4E0095A90F /* Release */,
			);
			defaultConfigurationIsVisible = 0;
			defaultConfigurationName = Release;
		};
/* End XCConfigurationList section */
	};
	rootObject = F01619EE2A76CCC600E1C68D /* Project object */;
}
