// !$*UTF8*$!
{
	archiveVersion = 1;
	classes = {
	};
	objectVersion = 56;
	objects = {

/* Begin PBXBuildFile section */
		F00D09882AEB31E900E7FBB5 /* UnitConverterView.swift in Sources */ = {isa = PBXBuildFile; fileRef = F00D09872AEB31E900E7FBB5 /* UnitConverterView.swift */; };
		F00D09942AEB33E800E7FBB5 /* XCTest.framework in Frameworks */ = {isa = PBXBuildFile; fileRef = F00D09822AEB306000E7FBB5 /* XCTest.framework */; settings = {ATTRIBUTES = (Weak, ); }; };
		F01619FA2A76CCC600E1C68D /* UnitConverterApp.swift in Sources */ = {isa = PBXBuildFile; fileRef = F01619F92A76CCC600E1C68D /* UnitConverterApp.swift */; };
		F01619FE2A76CCC700E1C68D /* Assets.xcassets in Resources */ = {isa = PBXBuildFile; fileRef = F01619FD2A76CCC700E1C68D /* Assets.xcassets */; };
		F0161A082A76D21B00E1C68D /* Utils.swift in Sources */ = {isa = PBXBuildFile; fileRef = F0161A072A76D21B00E1C68D /* Utils.swift */; };
		F098E5EA2B1ECBDB005B461A /* TemperatureConverter.swift in Sources */ = {isa = PBXBuildFile; fileRef = F098E5E92B1ECBDB005B461A /* TemperatureConverter.swift */; };
		F098E6112B1EF7CB005B461A /* UnitConverterTests.swift in Sources */ = {isa = PBXBuildFile; fileRef = F098E6102B1EF7CB005B461A /* UnitConverterTests.swift */; };
		F098E6202B1EF9A0005B461A /* UnitConverterUnitTests.swift in Sources */ = {isa = PBXBuildFile; fileRef = F098E61F2B1EF9A0005B461A /* UnitConverterUnitTests.swift */; };
		F0CDE2F92AA5B77800AD134F /* Data.swift in Sources */ = {isa = PBXBuildFile; fileRef = F0CDE2F82AA5B77800AD134F /* Data.swift */; };
/* End PBXBuildFile section */

/* Begin PBXContainerItemProxy section */
		F098E6142B1EF7CB005B461A /* PBXContainerItemProxy */ = {
			isa = PBXContainerItemProxy;
			containerPortal = F01619EE2A76CCC600E1C68D /* Project object */;
			proxyType = 1;
			remoteGlobalIDString = F01619F52A76CCC600E1C68D;
			remoteInfo = UnitConverter;
		};
		F098E6212B1EF9A0005B461A /* PBXContainerItemProxy */ = {
			isa = PBXContainerItemProxy;
			containerPortal = F01619EE2A76CCC600E1C68D /* Project object */;
			proxyType = 1;
			remoteGlobalIDString = F01619F52A76CCC600E1C68D;
			remoteInfo = UnitConverter;
		};
/* End PBXContainerItemProxy section */

/* Begin PBXFileReference section */
		F00D09822AEB306000E7FBB5 /* XCTest.framework */ = {isa = PBXFileReference; lastKnownFileType = wrapper.framework; name = XCTest.framework; path = Platforms/iPhoneOS.platform/Developer/Library/Frameworks/XCTest.framework; sourceTree = DEVELOPER_DIR; };
		F00D09872AEB31E900E7FBB5 /* UnitConverterView.swift */ = {isa = PBXFileReference; fileEncoding = 4; lastKnownFileType = sourcecode.swift; path = UnitConverterView.swift; sourceTree = "<group>"; };
		F01619F92A76CCC600E1C68D /* UnitConverterApp.swift */ = {isa = PBXFileReference; lastKnownFileType = sourcecode.swift; path = UnitConverterApp.swift; sourceTree = "<group>"; };
		F01619FD2A76CCC700E1C68D /* Assets.xcassets */ = {isa = PBXFileReference; lastKnownFileType = folder.assetcatalog; path = Assets.xcassets; sourceTree = "<group>"; };
		F0161A072A76D21B00E1C68D /* Utils.swift */ = {isa = PBXFileReference; lastKnownFileType = sourcecode.swift; path = Utils.swift; sourceTree = "<group>"; };
		F098E5E92B1ECBDB005B461A /* TemperatureConverter.swift */ = {isa = PBXFileReference; lastKnownFileType = sourcecode.swift; path = TemperatureConverter.swift; sourceTree = "<group>"; };
		F098E6102B1EF7CB005B461A /* UnitConverterTests.swift */ = {isa = PBXFileReference; lastKnownFileType = sourcecode.swift; path = UnitConverterTests.swift; sourceTree = "<group>"; };
		F098E61F2B1EF9A0005B461A /* UnitConverterUnitTests.swift */ = {isa = PBXFileReference; lastKnownFileType = sourcecode.swift; path = UnitConverterUnitTests.swift; sourceTree = "<group>"; };
		F098E6262B1F1B9D005B461A /* UnitConverter.app */ = {isa = PBXFileReference; explicitFileType = wrapper.application; includeInIndex = 0; name = UnitConverter.app; path = "/Users/talalzeini/Developer/03. iOS Development/UnitConverter/build/Debug-iphoneos/UnitConverter.app"; sourceTree = "<absolute>"; };
		F098E6272B1F1B9D005B461A /* UnitConverterTests.xctest */ = {isa = PBXFileReference; explicitFileType = wrapper.cfbundle; includeInIndex = 0; name = UnitConverterTests.xctest; path = "/Users/talalzeini/Developer/03. iOS Development/UnitConverter/build/Debug-iphoneos/UnitConverterTests.xctest"; sourceTree = "<absolute>"; };
		F098E6282B1F1B9D005B461A /* UnitConverterUnitTests.xctest */ = {isa = PBXFileReference; explicitFileType = wrapper.cfbundle; includeInIndex = 0; name = UnitConverterUnitTests.xctest; path = "/Users/talalzeini/Developer/03. iOS Development/UnitConverter/build/Debug-iphoneos/UnitConverterUnitTests.xctest"; sourceTree = "<absolute>"; };
		F0CDE2F82AA5B77800AD134F /* Data.swift */ = {isa = PBXFileReference; lastKnownFileType = sourcecode.swift; path = Data.swift; sourceTree = "<group>"; };
/* End PBXFileReference section */

/* Begin PBXFrameworksBuildPhase section */
		F01619F32A76CCC600E1C68D /* Frameworks */ = {
			isa = PBXFrameworksBuildPhase;
			buildActionMask = 2147483647;
			files = (
				F00D09942AEB33E800E7FBB5 /* XCTest.framework in Frameworks */,
			);
			runOnlyForDeploymentPostprocessing = 0;
		};
		F098E60B2B1EF7CB005B461A /* Frameworks */ = {
			isa = PBXFrameworksBuildPhase;
			buildActionMask = 2147483647;
			files = (
			);
			runOnlyForDeploymentPostprocessing = 0;
		};
		F098E61A2B1EF9A0005B461A /* Frameworks */ = {
			isa = PBXFrameworksBuildPhase;
			buildActionMask = 2147483647;
			files = (
			);
			runOnlyForDeploymentPostprocessing = 0;
		};
/* End PBXFrameworksBuildPhase section */

/* Begin PBXGroup section */
		F00D09812AEB306000E7FBB5 /* Frameworks */ = {
			isa = PBXGroup;
			children = (
				F00D09822AEB306000E7FBB5 /* XCTest.framework */,
			);
			name = Frameworks;
			sourceTree = "<group>";
		};
		F01619ED2A76CCC600E1C68D = {
			isa = PBXGroup;
			children = (
				F01619F82A76CCC600E1C68D /* UnitConverter */,
				F098E60F2B1EF7CB005B461A /* UnitConverterTests */,
				F098E61E2B1EF9A0005B461A /* UnitConverterUnitTests */,
				F00D09812AEB306000E7FBB5 /* Frameworks */,
			);
			sourceTree = "<group>";
		};
		F01619F82A76CCC600E1C68D /* UnitConverter */ = {
			isa = PBXGroup;
			children = (
				F098E5E62B1EC5E5005B461A /* Common */,
				F00D09872AEB31E900E7FBB5 /* UnitConverterView.swift */,
				F01619F92A76CCC600E1C68D /* UnitConverterApp.swift */,
				F098E5E92B1ECBDB005B461A /* TemperatureConverter.swift */,
				F01619FD2A76CCC700E1C68D /* Assets.xcassets */,
				F091EE6F2A9842840054E34E /* Preview Content */,
			);
			path = UnitConverter;
			sourceTree = "<group>";
		};
		F091EE6F2A9842840054E34E /* Preview Content */ = {
			isa = PBXGroup;
			children = (
			);
			path = "Preview Content";
			sourceTree = "<group>";
		};
		F098E5E62B1EC5E5005B461A /* Common */ = {
			isa = PBXGroup;
			children = (
				F0CDE2F82AA5B77800AD134F /* Data.swift */,
				F0161A072A76D21B00E1C68D /* Utils.swift */,
			);
			path = Common;
			sourceTree = "<group>";
		};
		F098E60F2B1EF7CB005B461A /* UnitConverterTests */ = {
			isa = PBXGroup;
			children = (
				F098E6102B1EF7CB005B461A /* UnitConverterTests.swift */,
			);
			path = UnitConverterTests;
			sourceTree = "<group>";
		};
		F098E61E2B1EF9A0005B461A /* UnitConverterUnitTests */ = {
			isa = PBXGroup;
			children = (
				F098E61F2B1EF9A0005B461A /* UnitConverterUnitTests.swift */,
			);
			path = UnitConverterUnitTests;
			sourceTree = "<group>";
		};
/* End PBXGroup section */

/* Begin PBXNativeTarget section */
		F01619F52A76CCC600E1C68D /* UnitConverter */ = {
			isa = PBXNativeTarget;
			buildConfigurationList = F0161A042A76CCC700E1C68D /* Build configuration list for PBXNativeTarget "UnitConverter" */;
			buildPhases = (
				F01619F22A76CCC600E1C68D /* Sources */,
				F01619F32A76CCC600E1C68D /* Frameworks */,
				F01619F42A76CCC600E1C68D /* Resources */,
			);
			buildRules = (
			);
			dependencies = (
			);
			name = UnitConverter;
			productName = UnitConverter;
			productReference = F098E6262B1F1B9D005B461A /* UnitConverter.app */;
			productType = "com.apple.product-type.application";
		};
		F098E60D2B1EF7CB005B461A /* UnitConverterTests */ = {
			isa = PBXNativeTarget;
			buildConfigurationList = F098E6162B1EF7CB005B461A /* Build configuration list for PBXNativeTarget "UnitConverterTests" */;
			buildPhases = (
				F098E60A2B1EF7CB005B461A /* Sources */,
				F098E60B2B1EF7CB005B461A /* Frameworks */,
				F098E60C2B1EF7CB005B461A /* Resources */,
			);
			buildRules = (
			);
			dependencies = (
				F098E6152B1EF7CB005B461A /* PBXTargetDependency */,
			);
			name = UnitConverterTests;
			productName = UnitConverterTests;
			productReference = F098E6272B1F1B9D005B461A /* UnitConverterTests.xctest */;
			productType = "com.apple.product-type.bundle.ui-testing";
		};
		F098E61C2B1EF9A0005B461A /* UnitConverterUnitTests */ = {
			isa = PBXNativeTarget;
			buildConfigurationList = F098E6232B1EF9A0005B461A /* Build configuration list for PBXNativeTarget "UnitConverterUnitTests" */;
			buildPhases = (
				F098E6192B1EF9A0005B461A /* Sources */,
				F098E61A2B1EF9A0005B461A /* Frameworks */,
				F098E61B2B1EF9A0005B461A /* Resources */,
			);
			buildRules = (
			);
			dependencies = (
				F098E6222B1EF9A0005B461A /* PBXTargetDependency */,
			);
			name = UnitConverterUnitTests;
			productName = UnitConverterUnitTests;
			productReference = F098E6282B1F1B9D005B461A /* UnitConverterUnitTests.xctest */;
			productType = "com.apple.product-type.bundle.unit-test";
		};
/* End PBXNativeTarget section */

/* Begin PBXProject section */
		F01619EE2A76CCC600E1C68D /* Project object */ = {
			isa = PBXProject;
			attributes = {
				BuildIndependentTargetsInParallel = 1;
				LastSwiftUpdateCheck = 1500;
				LastUpgradeCheck = 1430;
				TargetAttributes = {
					F01619F52A76CCC600E1C68D = {
						CreatedOnToolsVersion = 14.3.1;
					};
					F098E60D2B1EF7CB005B461A = {
						CreatedOnToolsVersion = 15.0.1;
						TestTargetID = F01619F52A76CCC600E1C68D;
					};
					F098E61C2B1EF9A0005B461A = {
						CreatedOnToolsVersion = 15.0.1;
						TestTargetID = F01619F52A76CCC600E1C68D;
					};
				};
			};
			buildConfigurationList = F01619F12A76CCC600E1C68D /* Build configuration list for PBXProject "UnitConverter" */;
			compatibilityVersion = "Xcode 14.0";
			developmentRegion = en;
			hasScannedForEncodings = 0;
			knownRegions = (
				en,
				Base,
			);
			mainGroup = F01619ED2A76CCC600E1C68D;
			productRefGroup = F01619ED2A76CCC600E1C68D;
			projectDirPath = "";
			projectRoot = "";
			targets = (
				F01619F52A76CCC600E1C68D /* UnitConverter */,
				F098E60D2B1EF7CB005B461A /* UnitConverterTests */,
				F098E61C2B1EF9A0005B461A /* UnitConverterUnitTests */,
			);
		};
/* End PBXProject section */

/* Begin PBXResourcesBuildPhase section */
		F01619F42A76CCC600E1C68D /* Resources */ = {
			isa = PBXResourcesBuildPhase;
			buildActionMask = 2147483647;
			files = (
				F01619FE2A76CCC700E1C68D /* Assets.xcassets in Resources */,
			);
			runOnlyForDeploymentPostprocessing = 0;
		};
		F098E60C2B1EF7CB005B461A /* Resources */ = {
			isa = PBXResourcesBuildPhase;
			buildActionMask = 2147483647;
			files = (
			);
			runOnlyForDeploymentPostprocessing = 0;
		};
		F098E61B2B1EF9A0005B461A /* Resources */ = {
			isa = PBXResourcesBuildPhase;
			buildActionMask = 2147483647;
			files = (
			);
			runOnlyForDeploymentPostprocessing = 0;
		};
/* End PBXResourcesBuildPhase section */

/* Begin PBXSourcesBuildPhase section */
		F01619F22A76CCC600E1C68D /* Sources */ = {
			isa = PBXSourcesBuildPhase;
			buildActionMask = 2147483647;
			files = (
				F098E5EA2B1ECBDB005B461A /* TemperatureConverter.swift in Sources */,
				F0CDE2F92AA5B77800AD134F /* Data.swift in Sources */,
				F00D09882AEB31E900E7FBB5 /* UnitConverterView.swift in Sources */,
				F01619FA2A76CCC600E1C68D /* UnitConverterApp.swift in Sources */,
				F0161A082A76D21B00E1C68D /* Utils.swift in Sources */,
			);
			runOnlyForDeploymentPostprocessing = 0;
		};
		F098E60A2B1EF7CB005B461A /* Sources */ = {
			isa = PBXSourcesBuildPhase;
			buildActionMask = 2147483647;
			files = (
				F098E6112B1EF7CB005B461A /* UnitConverterTests.swift in Sources */,
			);
			runOnlyForDeploymentPostprocessing = 0;
		};
		F098E6192B1EF9A0005B461A /* Sources */ = {
			isa = PBXSourcesBuildPhase;
			buildActionMask = 2147483647;
			files = (
				F098E6202B1EF9A0005B461A /* UnitConverterUnitTests.swift in Sources */,
			);
			runOnlyForDeploymentPostprocessing = 0;
		};
/* End PBXSourcesBuildPhase section */

/* Begin PBXTargetDependency section */
		F098E6152B1EF7CB005B461A /* PBXTargetDependency */ = {
			isa = PBXTargetDependency;
			target = F01619F52A76CCC600E1C68D /* UnitConverter */;
			targetProxy = F098E6142B1EF7CB005B461A /* PBXContainerItemProxy */;
		};
		F098E6222B1EF9A0005B461A /* PBXTargetDependency */ = {
			isa = PBXTargetDependency;
			target = F01619F52A76CCC600E1C68D /* UnitConverter */;
			targetProxy = F098E6212B1EF9A0005B461A /* PBXContainerItemProxy */;
		};
/* End PBXTargetDependency section */

/* Begin XCBuildConfiguration section */
		F0161A022A76CCC700E1C68D /* Debug */ = {
			isa = XCBuildConfiguration;
			buildSettings = {
				ALWAYS_SEARCH_USER_PATHS = NO;
				CLANG_ANALYZER_NONNULL = YES;
				CLANG_ANALYZER_NUMBER_OBJECT_CONVERSION = YES_AGGRESSIVE;
				CLANG_CXX_LANGUAGE_STANDARD = "gnu++20";
				CLANG_ENABLE_MODULES = YES;
				CLANG_ENABLE_OBJC_ARC = YES;
				CLANG_ENABLE_OBJC_WEAK = YES;
				CLANG_WARN_BLOCK_CAPTURE_AUTORELEASING = YES;
				CLANG_WARN_BOOL_CONVERSION = YES;
				CLANG_WARN_COMMA = YES;
				CLANG_WARN_CONSTANT_CONVERSION = YES;
				CLANG_WARN_DEPRECATED_OBJC_IMPLEMENTATIONS = YES;
				CLANG_WARN_DIRECT_OBJC_ISA_USAGE = YES_ERROR;
				CLANG_WARN_DOCUMENTATION_COMMENTS = YES;
				CLANG_WARN_EMPTY_BODY = YES;
				CLANG_WARN_ENUM_CONVERSION = YES;
				CLANG_WARN_INFINITE_RECURSION = YES;
				CLANG_WARN_INT_CONVERSION = YES;
				CLANG_WARN_NON_LITERAL_NULL_CONVERSION = YES;
				CLANG_WARN_OBJC_IMPLICIT_RETAIN_SELF = YES;
				CLANG_WARN_OBJC_LITERAL_CONVERSION = YES;
				CLANG_WARN_OBJC_ROOT_CLASS = YES_ERROR;
				CLANG_WARN_QUOTED_INCLUDE_IN_FRAMEWORK_HEADER = YES;
				CLANG_WARN_RANGE_LOOP_ANALYSIS = YES;
				CLANG_WARN_STRICT_PROTOTYPES = YES;
				CLANG_WARN_SUSPICIOUS_MOVE = YES;
				CLANG_WARN_UNGUARDED_AVAILABILITY = YES_AGGRESSIVE;
				CLANG_WARN_UNREACHABLE_CODE = YES;
				CLANG_WARN__DUPLICATE_METHOD_MATCH = YES;
				COPY_PHASE_STRIP = NO;
				DEBUG_INFORMATION_FORMAT = dwarf;
				ENABLE_STRICT_OBJC_MSGSEND = YES;
				ENABLE_TESTABILITY = YES;
				GCC_C_LANGUAGE_STANDARD = gnu11;
				GCC_DYNAMIC_NO_PIC = NO;
				GCC_NO_COMMON_BLOCKS = YES;
				GCC_OPTIMIZATION_LEVEL = 0;
				GCC_PREPROCESSOR_DEFINITIONS = (
					"DEBUG=1",
					"$(inherited)",
				);
				GCC_WARN_64_TO_32_BIT_CONVERSION = YES;
				GCC_WARN_ABOUT_RETURN_TYPE = YES_ERROR;
				GCC_WARN_UNDECLARED_SELECTOR = YES;
				GCC_WARN_UNINITIALIZED_AUTOS = YES_AGGRESSIVE;
				GCC_WARN_UNUSED_FUNCTION = YES;
				GCC_WARN_UNUSED_VARIABLE = YES;
				IPHONEOS_DEPLOYMENT_TARGET = 16.4;
				MTL_ENABLE_DEBUG_INFO = INCLUDE_SOURCE;
				MTL_FAST_MATH = YES;
				ONLY_ACTIVE_ARCH = YES;
				SDKROOT = iphoneos;
				SWIFT_ACTIVE_COMPILATION_CONDITIONS = DEBUG;
				SWIFT_OPTIMIZATION_LEVEL = "-Onone";
			};
			name = Debug;
		};
		F0161A032A76CCC700E1C68D /* Release */ = {
			isa = XCBuildConfiguration;
			buildSettings = {
				ALWAYS_SEARCH_USER_PATHS = NO;
				CLANG_ANALYZER_NONNULL = YES;
				CLANG_ANALYZER_NUMBER_OBJECT_CONVERSION = YES_AGGRESSIVE;
				CLANG_CXX_LANGUAGE_STANDARD = "gnu++20";
				CLANG_ENABLE_MODULES = YES;
				CLANG_ENABLE_OBJC_ARC = YES;
				CLANG_ENABLE_OBJC_WEAK = YES;
				CLANG_WARN_BLOCK_CAPTURE_AUTORELEASING = YES;
				CLANG_WARN_BOOL_CONVERSION = YES;
				CLANG_WARN_COMMA = YES;
				CLANG_WARN_CONSTANT_CONVERSION = YES;
				CLANG_WARN_DEPRECATED_OBJC_IMPLEMENTATIONS = YES;
				CLANG_WARN_DIRECT_OBJC_ISA_USAGE = YES_ERROR;
				CLANG_WARN_DOCUMENTATION_COMMENTS = YES;
				CLANG_WARN_EMPTY_BODY = YES;
				CLANG_WARN_ENUM_CONVERSION = YES;
				CLANG_WARN_INFINITE_RECURSION = YES;
				CLANG_WARN_INT_CONVERSION = YES;
				CLANG_WARN_NON_LITERAL_NULL_CONVERSION = YES;
				CLANG_WARN_OBJC_IMPLICIT_RETAIN_SELF = YES;
				CLANG_WARN_OBJC_LITERAL_CONVERSION = YES;
				CLANG_WARN_OBJC_ROOT_CLASS = YES_ERROR;
				CLANG_WARN_QUOTED_INCLUDE_IN_FRAMEWORK_HEADER = YES;
				CLANG_WARN_RANGE_LOOP_ANALYSIS = YES;
				CLANG_WARN_STRICT_PROTOTYPES = YES;
				CLANG_WARN_SUSPICIOUS_MOVE = YES;
				CLANG_WARN_UNGUARDED_AVAILABILITY = YES_AGGRESSIVE;
				CLANG_WARN_UNREACHABLE_CODE = YES;
				CLANG_WARN__DUPLICATE_METHOD_MATCH = YES;
				COPY_PHASE_STRIP = NO;
				DEBUG_INFORMATION_FORMAT = "dwarf-with-dsym";
				ENABLE_NS_ASSERTIONS = NO;
				ENABLE_STRICT_OBJC_MSGSEND = YES;
				ENABLE_TESTABILITY = YES;
				GCC_C_LANGUAGE_STANDARD = gnu11;
				GCC_NO_COMMON_BLOCKS = YES;
				GCC_WARN_64_TO_32_BIT_CONVERSION = YES;
				GCC_WARN_ABOUT_RETURN_TYPE = YES_ERROR;
				GCC_WARN_UNDECLARED_SELECTOR = YES;
				GCC_WARN_UNINITIALIZED_AUTOS = YES_AGGRESSIVE;
				GCC_WARN_UNUSED_FUNCTION = YES;
				GCC_WARN_UNUSED_VARIABLE = YES;
				IPHONEOS_DEPLOYMENT_TARGET = 16.4;
				MTL_ENABLE_DEBUG_INFO = NO;
				MTL_FAST_MATH = YES;
				SDKROOT = iphoneos;
				SWIFT_COMPILATION_MODE = wholemodule;
				SWIFT_OPTIMIZATION_LEVEL = "-O";
				VALIDATE_PRODUCT = YES;
			};
			name = Release;
		};
		F0161A052A76CCC700E1C68D /* Debug */ = {
			isa = XCBuildConfiguration;
			buildSettings = {
				ASSETCATALOG_COMPILER_APPICON_NAME = AppIcon;
				ASSETCATALOG_COMPILER_GLOBAL_ACCENT_COLOR_NAME = AccentColor;
				CODE_SIGN_STYLE = Automatic;
				CURRENT_PROJECT_VERSION = 1;
				DEVELOPMENT_ASSET_PATHS = "\"UnitConverter/Preview Content\"";
				DEVELOPMENT_TEAM = 7G5J76FJ27;
				ENABLE_PREVIEWS = YES;
				GENERATE_INFOPLIST_FILE = YES;
				INFOPLIST_KEY_CFBundleDisplayName = "Unit Converter";
				INFOPLIST_KEY_LSApplicationCategoryType = "public.app-category.utilities";
				INFOPLIST_KEY_UIApplicationSceneManifest_Generation = YES;
				INFOPLIST_KEY_UIApplicationSupportsIndirectInputEvents = YES;
				INFOPLIST_KEY_UILaunchScreen_Generation = YES;
				INFOPLIST_KEY_UIStatusBarHidden = NO;
				INFOPLIST_KEY_UIStatusBarStyle = "";
				INFOPLIST_KEY_UISupportedInterfaceOrientations = UIInterfaceOrientationPortrait;
				INFOPLIST_KEY_UISupportedInterfaceOrientations_iPad = UIInterfaceOrientationLandscapeLeft;
				INFOPLIST_KEY_UIUserInterfaceStyle = Light;
				IPHONEOS_DEPLOYMENT_TARGET = 16.0;
				LD_RUNPATH_SEARCH_PATHS = (
					"$(inherited)",
					"@executable_path/Frameworks",
				);
				MARKETING_VERSION = 2.2;
				PRODUCT_BUNDLE_IDENTIFIER = TalalElZeini.UnitConverter;
				PRODUCT_NAME = "$(TARGET_NAME)";
				SUPPORTED_PLATFORMS = "iphoneos iphonesimulator";
				SUPPORTS_MACCATALYST = NO;
				SUPPORTS_MAC_DESIGNED_FOR_IPHONE_IPAD = NO;
				SWIFT_EMIT_LOC_STRINGS = YES;
				SWIFT_VERSION = 5.0;
				TARGETED_DEVICE_FAMILY = 1;
			};
			name = Debug;
		};
		F0161A062A76CCC700E1C68D /* Release */ = {
			isa = XCBuildConfiguration;
			buildSettings = {
				ASSETCATALOG_COMPILER_APPICON_NAME = AppIcon;
				ASSETCATALOG_COMPILER_GLOBAL_ACCENT_COLOR_NAME = AccentColor;
				CODE_SIGN_STYLE = Automatic;
				CURRENT_PROJECT_VERSION = 1;
				DEVELOPMENT_ASSET_PATHS = "\"UnitConverter/Preview Content\"";
				DEVELOPMENT_TEAM = 7G5J76FJ27;
				ENABLE_PREVIEWS = YES;
				GENERATE_INFOPLIST_FILE = YES;
				INFOPLIST_KEY_CFBundleDisplayName = "Unit Converter";
				INFOPLIST_KEY_LSApplicationCategoryType = "public.app-category.utilities";
				INFOPLIST_KEY_UIApplicationSceneManifest_Generation = YES;
				INFOPLIST_KEY_UIApplicationSupportsIndirectInputEvents = YES;
				INFOPLIST_KEY_UILaunchScreen_Generation = YES;
				INFOPLIST_KEY_UIStatusBarHidden = NO;
				INFOPLIST_KEY_UIStatusBarStyle = "";
				INFOPLIST_KEY_UISupportedInterfaceOrientations = UIInterfaceOrientationPortrait;
				INFOPLIST_KEY_UISupportedInterfaceOrientations_iPad = UIInterfaceOrientationLandscapeLeft;
				INFOPLIST_KEY_UIUserInterfaceStyle = Light;
				IPHONEOS_DEPLOYMENT_TARGET = 16.0;
				LD_RUNPATH_SEARCH_PATHS = (
					"$(inherited)",
					"@executable_path/Frameworks",
				);
				MARKETING_VERSION = 2.2;
				PRODUCT_BUNDLE_IDENTIFIER = TalalElZeini.UnitConverter;
				PRODUCT_NAME = "$(TARGET_NAME)";
				SUPPORTED_PLATFORMS = "iphoneos iphonesimulator";
				SUPPORTS_MACCATALYST = NO;
				SUPPORTS_MAC_DESIGNED_FOR_IPHONE_IPAD = NO;
				SWIFT_EMIT_LOC_STRINGS = YES;
				SWIFT_VERSION = 5.0;
				TARGETED_DEVICE_FAMILY = 1;
			};
			name = Release;
		};
		F098E6172B1EF7CB005B461A /* Debug */ = {
			isa = XCBuildConfiguration;
			buildSettings = {
				ASSETCATALOG_COMPILER_GENERATE_SWIFT_ASSET_SYMBOL_EXTENSIONS = YES;
				CODE_SIGN_STYLE = Automatic;
				CURRENT_PROJECT_VERSION = 1;
				DEVELOPMENT_TEAM = 7G5J76FJ27;
				ENABLE_USER_SCRIPT_SANDBOXING = YES;
				GCC_C_LANGUAGE_STANDARD = gnu17;
				GENERATE_INFOPLIST_FILE = YES;
				IPHONEOS_DEPLOYMENT_TARGET = 17.0;
				LOCALIZATION_PREFERS_STRING_CATALOGS = YES;
				MARKETING_VERSION = 1.0;
				PRODUCT_BUNDLE_IDENTIFIER = TalalElZeini.UnitConverterTests;
				PRODUCT_NAME = "$(TARGET_NAME)";
				SWIFT_ACTIVE_COMPILATION_CONDITIONS = "DEBUG $(inherited)";
				SWIFT_EMIT_LOC_STRINGS = NO;
				SWIFT_VERSION = 5.0;
				TARGETED_DEVICE_FAMILY = "1,2";
				TEST_TARGET_NAME = UnitConverter;
			};
			name = Debug;
		};
		F098E6182B1EF7CB005B461A /* Release */ = {
			isa = XCBuildConfiguration;
			buildSettings = {
				ASSETCATALOG_COMPILER_GENERATE_SWIFT_ASSET_SYMBOL_EXTENSIONS = YES;
				CODE_SIGN_STYLE = Automatic;
				CURRENT_PROJECT_VERSION = 1;
				DEVELOPMENT_TEAM = 7G5J76FJ27;
				ENABLE_USER_SCRIPT_SANDBOXING = YES;
				GCC_C_LANGUAGE_STANDARD = gnu17;
				GENERATE_INFOPLIST_FILE = YES;
				IPHONEOS_DEPLOYMENT_TARGET = 17.0;
				LOCALIZATION_PREFERS_STRING_CATALOGS = YES;
				MARKETING_VERSION = 1.0;
				PRODUCT_BUNDLE_IDENTIFIER = TalalElZeini.UnitConverterTests;
				PRODUCT_NAME = "$(TARGET_NAME)";
				SWIFT_EMIT_LOC_STRINGS = NO;
				SWIFT_VERSION = 5.0;
				TARGETED_DEVICE_FAMILY = "1,2";
				TEST_TARGET_NAME = UnitConverter;
			};
			name = Release;
		};
		F098E6242B1EF9A0005B461A /* Debug */ = {
			isa = XCBuildConfiguration;
			buildSettings = {
				ASSETCATALOG_COMPILER_GENERATE_SWIFT_ASSET_SYMBOL_EXTENSIONS = YES;
				BUNDLE_LOADER = "$(TEST_HOST)";
				CODE_SIGN_STYLE = Automatic;
				CURRENT_PROJECT_VERSION = 1;
				DEVELOPMENT_TEAM = 7G5J76FJ27;
				ENABLE_USER_SCRIPT_SANDBOXING = YES;
				GCC_C_LANGUAGE_STANDARD = gnu17;
				GENERATE_INFOPLIST_FILE = YES;
				IPHONEOS_DEPLOYMENT_TARGET = 17.0;
				LOCALIZATION_PREFERS_STRING_CATALOGS = YES;
				MARKETING_VERSION = 1.0;
				PRODUCT_BUNDLE_IDENTIFIER = TalalElZeini.UnitConverterUnitTests;
				PRODUCT_NAME = "$(TARGET_NAME)";
				SWIFT_ACTIVE_COMPILATION_CONDITIONS = "DEBUG $(inherited)";
				SWIFT_EMIT_LOC_STRINGS = NO;
				SWIFT_VERSION = 5.0;
				TARGETED_DEVICE_FAMILY = "1,2";
				TEST_HOST = "$(BUILT_PRODUCTS_DIR)/UnitConverter.app/$(BUNDLE_EXECUTABLE_FOLDER_PATH)/UnitConverter";
			};
			name = Debug;
		};
		F098E6252B1EF9A0005B461A /* Release */ = {
			isa = XCBuildConfiguration;
			buildSettings = {
				ASSETCATALOG_COMPILER_GENERATE_SWIFT_ASSET_SYMBOL_EXTENSIONS = YES;
				BUNDLE_LOADER = "$(TEST_HOST)";
				CODE_SIGN_STYLE = Automatic;
				CURRENT_PROJECT_VERSION = 1;
				DEVELOPMENT_TEAM = 7G5J76FJ27;
				ENABLE_USER_SCRIPT_SANDBOXING = YES;
				GCC_C_LANGUAGE_STANDARD = gnu17;
				GENERATE_INFOPLIST_FILE = YES;
				IPHONEOS_DEPLOYMENT_TARGET = 17.0;
				LOCALIZATION_PREFERS_STRING_CATALOGS = YES;
				MARKETING_VERSION = 1.0;
				PRODUCT_BUNDLE_IDENTIFIER = TalalElZeini.UnitConverterUnitTests;
				PRODUCT_NAME = "$(TARGET_NAME)";
				SWIFT_EMIT_LOC_STRINGS = NO;
				SWIFT_VERSION = 5.0;
				TARGETED_DEVICE_FAMILY = "1,2";
				TEST_HOST = "$(BUILT_PRODUCTS_DIR)/UnitConverter.app/$(BUNDLE_EXECUTABLE_FOLDER_PATH)/UnitConverter";
			};
			name = Release;
		};
/* End XCBuildConfiguration section */

/* Begin XCConfigurationList section */
		F01619F12A76CCC600E1C68D /* Build configuration list for PBXProject "UnitConverter" */ = {
			isa = XCConfigurationList;
			buildConfigurations = (
				F0161A022A76CCC700E1C68D /* Debug */,
				F0161A032A76CCC700E1C68D /* Release */,
			);
			defaultConfigurationIsVisible = 0;
			defaultConfigurationName = Release;
		};
		F0161A042A76CCC700E1C68D /* Build configuration list for PBXNativeTarget "UnitConverter" */ = {
			isa = XCConfigurationList;
			buildConfigurations = (
				F0161A052A76CCC700E1C68D /* Debug */,
				F0161A062A76CCC700E1C68D /* Release */,
			);
			defaultConfigurationIsVisible = 0;
			defaultConfigurationName = Release;
		};
		F098E6162B1EF7CB005B461A /* Build configuration list for PBXNativeTarget "UnitConverterTests" */ = {
			isa = XCConfigurationList;
			buildConfigurations = (
				F098E6172B1EF7CB005B461A /* Debug */,
				F098E6182B1EF7CB005B461A /* Release */,
			);
			defaultConfigurationIsVisible = 0;
			defaultConfigurationName = Release;
		};
		F098E6232B1EF9A0005B461A /* Build configuration list for PBXNativeTarget "UnitConverterUnitTests" */ = {
			isa = XCConfigurationList;
			buildConfigurations = (
				F098E6242B1EF9A0005B461A /* Debug */,
				F098E6252B1EF9A0005B461A /* Release */,
			);
			defaultConfigurationIsVisible = 0;
			defaultConfigurationName = Release;
		};
/* End XCConfigurationList section */
	};
	rootObject = F01619EE2A76CCC600E1C68D /* Project object */;
}
